PODS:
  - HexColors (4.0.0)
  - SDWebImage (3.8.1):
    - SDWebImage/Core (= 3.8.1)
  - SDWebImage/Core (3.8.1)
  - WKUIKit (0.1.2):
    - HexColors
    - SDWebImage

DEPENDENCIES:
  - HexColors
  - SDWebImage
  - WKUIKit (from `../`)

EXTERNAL SOURCES:
  WKUIKit:
    :path: ../

SPEC CHECKSUMS:
  HexColors: 5f95843ef89aff6a72e1fd3a8ebabf205cc43379
  SDWebImage: 35f9627a3e44b4f292a8a8ce6a531fa488239b91
  WKUIKit: 98776d97e59a02dc022b152521341fd8a2c2917e

PODFILE CHECKSUM: c3cf7cfcedea8aa8ecaa643acd299a30df8abff1

COCOAPODS: 1.0.1
